dependencies:
- name: common
  repository: https://charts.bitnami.com/bitnami
  version: 2.2.0
- name: mongodb
  repository: https://charts.bitnami.com/bitnami
  version: 10.30.12
digest: sha256:97e6a3781555f6017ec3095f15cf5b0bc616e1adcc9f9975bb5dbbeef31e24e5
generated: "2022-11-16T17:10:25.127029+01:00"
