dependencies:
- name: common
  repository: https://charts.bitnami.com/bitnami
  version: 2.2.2
- name: mongodb
  repository: https://charts.bitnami.com/bitnami
  version: 13.6.2
digest: sha256:8f2475fdda7c417f31da168dbfb87df4177bf459a355226c81908c1e0f207ea7
generated: "2023-01-25T13:54:49.218334+01:00"
